// !$*UTF8*$!
{
	archiveVersion = 1;
	classes = {
	};
	objectVersion = 42;
	objects = {

/* Begin PBXFileReference section */
		021133D10CC51DF00059CA0E /* VNCScrollerView.h */ = {isa = PBXFileReference; fileEncoding = 4; lastKnownFileType = sourcecode.c.h; path = VNCScrollerView.h; sourceTree = "<group>"; };
		021133D20CC51DF00059CA0E /* VNCScrollerView.m */ = {isa = PBXFileReference; fileEncoding = 4; lastKnownFileType = sourcecode.c.objc; path = VNCScrollerView.m; sourceTree = "<group>"; };
		02113A0D0CCEE8D30059CA0E /* todo.txt */ = {isa = PBXFileReference; fileEncoding = 4; lastKnownFileType = text; path = todo.txt; sourceTree = "<group>"; };
		0259AC150C909383005285B7 /* VnseaApp.h */ = {isa = PBXFileReference; fileEncoding = 4; lastKnownFileType = sourcecode.c.h; path = VnseaApp.h; sourceTree = "<group>"; };
		0259AC160C909383005285B7 /* VnseaApp.m */ = {isa = PBXFileReference; fileEncoding = 4; lastKnownFileType = sourcecode.c.objc; path = VnseaApp.m; sourceTree = "<group>"; };
		0259AC170C909383005285B7 /* VNCView.h */ = {isa = PBXFileReference; fileEncoding = 4; lastKnownFileType = sourcecode.c.h; path = VNCView.h; sourceTree = "<group>"; };
		0259AC180C909383005285B7 /* VNCView.m */ = {isa = PBXFileReference; fileEncoding = 4; lastKnownFileType = sourcecode.c.objc; path = VNCView.m; sourceTree = "<group>"; };
		0259ACB20C9093BD005285B7 /* ByteBlockReader.h */ = {isa = PBXFileReference; fileEncoding = 4; lastKnownFileType = sourcecode.c.h; path = ByteBlockReader.h; sourceTree = "<group>"; };
		0259ACB30C9093BD005285B7 /* ByteBlockReader.m */ = {isa = PBXFileReference; fileEncoding = 4; lastKnownFileType = sourcecode.c.objc; path = ByteBlockReader.m; sourceTree = "<group>"; };
		0259ACB40C9093BD005285B7 /* ByteReader.h */ = {isa = PBXFileReference; fileEncoding = 4; lastKnownFileType = sourcecode.c.h; path = ByteReader.h; sourceTree = "<group>"; };
		0259ACB50C9093BD005285B7 /* ByteReader.m */ = {isa = PBXFileReference; fileEncoding = 4; lastKnownFileType = sourcecode.c.objc; path = ByteReader.m; sourceTree = "<group>"; };
		0259ACB60C9093BD005285B7 /* CARD16Reader.h */ = {isa = PBXFileReference; fileEncoding = 4; lastKnownFileType = sourcecode.c.h; path = CARD16Reader.h; sourceTree = "<group>"; };
		0259ACB70C9093BD005285B7 /* CARD16Reader.m */ = {isa = PBXFileReference; fileEncoding = 4; lastKnownFileType = sourcecode.c.objc; path = CARD16Reader.m; sourceTree = "<group>"; };
		0259ACB80C9093BD005285B7 /* CARD32Reader.h */ = {isa = PBXFileReference; fileEncoding = 4; lastKnownFileType = sourcecode.c.h; path = CARD32Reader.h; sourceTree = "<group>"; };
		0259ACB90C9093BD005285B7 /* CARD32Reader.m */ = {isa = PBXFileReference; fileEncoding = 4; lastKnownFileType = sourcecode.c.objc; path = CARD32Reader.m; sourceTree = "<group>"; };
		0259ACBA0C9093BD005285B7 /* CARD8Reader.h */ = {isa = PBXFileReference; fileEncoding = 4; lastKnownFileType = sourcecode.c.h; path = CARD8Reader.h; sourceTree = "<group>"; };
		0259ACBB0C9093BD005285B7 /* CARD8Reader.m */ = {isa = PBXFileReference; fileEncoding = 4; lastKnownFileType = sourcecode.c.objc; path = CARD8Reader.m; sourceTree = "<group>"; };
		0259ACBC0C9093BD005285B7 /* CoRREEncodingReader.h */ = {isa = PBXFileReference; fileEncoding = 4; lastKnownFileType = sourcecode.c.h; path = CoRREEncodingReader.h; sourceTree = "<group>"; };
		0259ACBD0C9093BD005285B7 /* CoRREEncodingReader.m */ = {isa = PBXFileReference; fileEncoding = 4; lastKnownFileType = sourcecode.c.objc; path = CoRREEncodingReader.m; sourceTree = "<group>"; };
		0259ACBE0C9093BD005285B7 /* CopyFilter.h */ = {isa = PBXFileReference; fileEncoding = 4; lastKnownFileType = sourcecode.c.h; path = CopyFilter.h; sourceTree = "<group>"; };
		0259ACBF0C9093BD005285B7 /* CopyFilter.m */ = {isa = PBXFileReference; fileEncoding = 4; lastKnownFileType = sourcecode.c.objc; path = CopyFilter.m; sourceTree = "<group>"; };
		0259ACC00C9093BD005285B7 /* CopyRectangleEncodingReader.h */ = {isa = PBXFileReference; fileEncoding = 4; lastKnownFileType = sourcecode.c.h; path = CopyRectangleEncodingReader.h; sourceTree = "<group>"; };
		0259ACC10C9093BD005285B7 /* CopyRectangleEncodingReader.m */ = {isa = PBXFileReference; fileEncoding = 4; lastKnownFileType = sourcecode.c.objc; path = CopyRectangleEncodingReader.m; sourceTree = "<group>"; };
		0259ACC20C9093BD005285B7 /* EncodingReader.h */ = {isa = PBXFileReference; fileEncoding = 4; lastKnownFileType = sourcecode.c.h; path = EncodingReader.h; sourceTree = "<group>"; };
		0259ACC30C9093BD005285B7 /* EncodingReader.m */ = {isa = PBXFileReference; fileEncoding = 4; lastKnownFileType = sourcecode.c.objc; path = EncodingReader.m; sourceTree = "<group>"; };
		0259ACC40C9093BD005285B7 /* EventFilter.h */ = {isa = PBXFileReference; fileEncoding = 4; lastKnownFileType = sourcecode.c.h; path = EventFilter.h; sourceTree = "<group>"; };
		0259ACC50C9093BD005285B7 /* EventFilter.m */ = {isa = PBXFileReference; fileEncoding = 4; lastKnownFileType = sourcecode.c.objc; path = EventFilter.m; sourceTree = "<group>"; };
		0259ACC60C9093BD005285B7 /* FilterReader.h */ = {isa = PBXFileReference; fileEncoding = 4; lastKnownFileType = sourcecode.c.h; path = FilterReader.h; sourceTree = "<group>"; };
		0259ACC70C9093BD005285B7 /* FilterReader.m */ = {isa = PBXFileReference; fileEncoding = 4; lastKnownFileType = sourcecode.c.objc; path = FilterReader.m; sourceTree = "<group>"; };
		0259ACC80C9093BD005285B7 /* FrameBuffer.h */ = {isa = PBXFileReference; fileEncoding = 4; lastKnownFileType = sourcecode.c.h; path = FrameBuffer.h; sourceTree = "<group>"; };
		0259ACC90C9093BD005285B7 /* FrameBuffer.m */ = {isa = PBXFileReference; fileEncoding = 4; lastKnownFileType = sourcecode.c.objc; path = FrameBuffer.m; sourceTree = "<group>"; };
		0259ACCA0C9093BD005285B7 /* FrameBufferDrawing.h */ = {isa = PBXFileReference; fileEncoding = 4; lastKnownFileType = sourcecode.c.h; path = FrameBufferDrawing.h; sourceTree = "<group>"; };
		0259ACCB0C9093BD005285B7 /* FrameBufferUpdateReader.h */ = {isa = PBXFileReference; fileEncoding = 4; lastKnownFileType = sourcecode.c.h; path = FrameBufferUpdateReader.h; sourceTree = "<group>"; };
		0259ACCC0C9093BD005285B7 /* FrameBufferUpdateReader.m */ = {isa = PBXFileReference; fileEncoding = 4; lastKnownFileType = sourcecode.c.objc; path = FrameBufferUpdateReader.m; sourceTree = "<group>"; };
		0259ACCF0C9093BD005285B7 /* GradientFilter.h */ = {isa = PBXFileReference; fileEncoding = 4; lastKnownFileType = sourcecode.c.h; path = GradientFilter.h; sourceTree = "<group>"; };
		0259ACD00C9093BD005285B7 /* GradientFilter.m */ = {isa = PBXFileReference; fileEncoding = 4; lastKnownFileType = sourcecode.c.objc; path = GradientFilter.m; sourceTree = "<group>"; };
		0259ACD10C9093BD005285B7 /* GrayScaleFrameBuffer.h */ = {isa = PBXFileReference; fileEncoding = 4; lastKnownFileType = sourcecode.c.h; path = GrayScaleFrameBuffer.h; sourceTree = "<group>"; };
		0259ACD20C9093BD005285B7 /* GrayScaleFrameBuffer.m */ = {isa = PBXFileReference; fileEncoding = 4; lastKnownFileType = sourcecode.c.objc; path = GrayScaleFrameBuffer.m; sourceTree = "<group>"; };
		0259ACD30C9093BD005285B7 /* HextileEncodingReader.h */ = {isa = PBXFileReference; fileEncoding = 4; lastKnownFileType = sourcecode.c.h; path = HextileEncodingReader.h; sourceTree = "<group>"; };
		0259ACD40C9093BD005285B7 /* HextileEncodingReader.m */ = {isa = PBXFileReference; fileEncoding = 4; lastKnownFileType = sourcecode.c.objc; path = HextileEncodingReader.m; sourceTree = "<group>"; };
		0259ACD50C9093BD005285B7 /* HighColorFrameBuffer.h */ = {isa = PBXFileReference; fileEncoding = 4; lastKnownFileType = sourcecode.c.h; path = HighColorFrameBuffer.h; sourceTree = "<group>"; };
		0259ACD60C9093BD005285B7 /* HighColorFrameBuffer.m */ = {isa = PBXFileReference; fileEncoding = 4; lastKnownFileType = sourcecode.c.objc; path = HighColorFrameBuffer.m; sourceTree = "<group>"; };
		0259ACD70C9093BD005285B7 /* IServerData.h */ = {isa = PBXFileReference; fileEncoding = 4; lastKnownFileType = sourcecode.c.h; path = IServerData.h; sourceTree = "<group>"; };
		0259ACD80C9093BD005285B7 /* KeyChain.h */ = {isa = PBXFileReference; fileEncoding = 4; lastKnownFileType = sourcecode.c.h; path = KeyChain.h; sourceTree = "<group>"; };
		0259ACD90C9093BD005285B7 /* KeyChain.m */ = {isa = PBXFileReference; fileEncoding = 4; lastKnownFileType = sourcecode.c.objc; path = KeyChain.m; sourceTree = "<group>"; };
		0259ACE80C9093BD005285B7 /* LowColorFrameBuffer.h */ = {isa = PBXFileReference; fileEncoding = 4; lastKnownFileType = sourcecode.c.h; path = LowColorFrameBuffer.h; sourceTree = "<group>"; };
		0259ACE90C9093BD005285B7 /* LowColorFrameBuffer.m */ = {isa = PBXFileReference; fileEncoding = 4; lastKnownFileType = sourcecode.c.objc; path = LowColorFrameBuffer.m; sourceTree = "<group>"; };
		0259ACEC0C9093BD005285B7 /* NLTStringReader.h */ = {isa = PBXFileReference; fileEncoding = 4; lastKnownFileType = sourcecode.c.h; path = NLTStringReader.h; sourceTree = "<group>"; };
		0259ACED0C9093BD005285B7 /* NLTStringReader.m */ = {isa = PBXFileReference; fileEncoding = 4; lastKnownFileType = sourcecode.c.objc; path = NLTStringReader.m; sourceTree = "<group>"; };
		0259ACEE0C9093BD005285B7 /* NSObject_Chicken.h */ = {isa = PBXFileReference; fileEncoding = 4; lastKnownFileType = sourcecode.c.h; path = NSObject_Chicken.h; sourceTree = "<group>"; };
		0259ACEF0C9093BD005285B7 /* NSObject_Chicken.m */ = {isa = PBXFileReference; fileEncoding = 4; lastKnownFileType = sourcecode.c.objc; path = NSObject_Chicken.m; sourceTree = "<group>"; };
		0259ACF00C9093BD005285B7 /* PaletteFilter.h */ = {isa = PBXFileReference; fileEncoding = 4; lastKnownFileType = sourcecode.c.h; path = PaletteFilter.h; sourceTree = "<group>"; };
		0259ACF10C9093BD005285B7 /* PaletteFilter.m */ = {isa = PBXFileReference; fileEncoding = 4; lastKnownFileType = sourcecode.c.objc; path = PaletteFilter.m; sourceTree = "<group>"; };
		0259ACF20C9093BD005285B7 /* PrefController.h */ = {isa = PBXFileReference; fileEncoding = 4; lastKnownFileType = sourcecode.c.h; path = PrefController.h; sourceTree = "<group>"; };
		0259ACF30C9093BD005285B7 /* PrefController.m */ = {isa = PBXFileReference; fileEncoding = 4; lastKnownFileType = sourcecode.c.objc; path = PrefController.m; sourceTree = "<group>"; };
		0259ACF40C9093BD005285B7 /* PrefController_private.h */ = {isa = PBXFileReference; fileEncoding = 4; lastKnownFileType = sourcecode.c.h; path = PrefController_private.h; sourceTree = "<group>"; };
		0259ACF50C9093BD005285B7 /* PrefController_private.m */ = {isa = PBXFileReference; fileEncoding = 4; lastKnownFileType = sourcecode.c.objc; path = PrefController_private.m; sourceTree = "<group>"; };
		0259ACF60C9093BD005285B7 /* Profile.h */ = {isa = PBXFileReference; fileEncoding = 4; lastKnownFileType = sourcecode.c.h; path = Profile.h; sourceTree = "<group>"; };
		0259ACF70C9093BD005285B7 /* Profile.m */ = {isa = PBXFileReference; fileEncoding = 4; lastKnownFileType = sourcecode.c.objc; path = Profile.m; sourceTree = "<group>"; };
		0259ACFE0C9093BD005285B7 /* QueuedEvent.h */ = {isa = PBXFileReference; fileEncoding = 4; lastKnownFileType = sourcecode.c.h; path = QueuedEvent.h; sourceTree = "<group>"; };
		0259ACFF0C9093BD005285B7 /* QueuedEvent.m */ = {isa = PBXFileReference; fileEncoding = 4; lastKnownFileType = sourcecode.c.objc; path = QueuedEvent.m; sourceTree = "<group>"; };
		0259AD000C9093BD005285B7 /* RFBConnection.h */ = {isa = PBXFileReference; fileEncoding = 4; lastKnownFileType = sourcecode.c.h; path = RFBConnection.h; sourceTree = "<group>"; };
		0259AD010C9093BD005285B7 /* RFBConnection.m */ = {isa = PBXFileReference; fileEncoding = 4; lastKnownFileType = sourcecode.c.objc; path = RFBConnection.m; sourceTree = "<group>"; };
		0259AD040C9093BD005285B7 /* RFBHandshaker.h */ = {isa = PBXFileReference; fileEncoding = 4; lastKnownFileType = sourcecode.c.h; path = RFBHandshaker.h; sourceTree = "<group>"; };
		0259AD050C9093BD005285B7 /* RFBHandshaker.m */ = {isa = PBXFileReference; fileEncoding = 4; lastKnownFileType = sourcecode.c.objc; path = RFBHandshaker.m; sourceTree = "<group>"; };
		0259AD060C9093BD005285B7 /* RFBProtocol.h */ = {isa = PBXFileReference; fileEncoding = 4; lastKnownFileType = sourcecode.c.h; path = RFBProtocol.h; sourceTree = "<group>"; };
		0259AD070C9093BD005285B7 /* RFBProtocol.m */ = {isa = PBXFileReference; fileEncoding = 4; lastKnownFileType = sourcecode.c.objc; path = RFBProtocol.m; sourceTree = "<group>"; };
		0259AD080C9093BD005285B7 /* RFBServerInitReader.h */ = {isa = PBXFileReference; fileEncoding = 4; lastKnownFileType = sourcecode.c.h; path = RFBServerInitReader.h; sourceTree = "<group>"; };
		0259AD090C9093BD005285B7 /* RFBServerInitReader.m */ = {isa = PBXFileReference; fileEncoding = 4; lastKnownFileType = sourcecode.c.objc; path = RFBServerInitReader.m; sourceTree = "<group>"; };
		0259AD0A0C9093BD005285B7 /* RFBStringReader.h */ = {isa = PBXFileReference; fileEncoding = 4; lastKnownFileType = sourcecode.c.h; path = RFBStringReader.h; sourceTree = "<group>"; };
		0259AD0B0C9093BD005285B7 /* RFBStringReader.m */ = {isa = PBXFileReference; fileEncoding = 4; lastKnownFileType = sourcecode.c.objc; path = RFBStringReader.m; sourceTree = "<group>"; };
		0259AD0E0C9093BD005285B7 /* RREEncodingReader.h */ = {isa = PBXFileReference; fileEncoding = 4; lastKnownFileType = sourcecode.c.h; path = RREEncodingReader.h; sourceTree = "<group>"; };
		0259AD0F0C9093BD005285B7 /* RREEncodingReader.m */ = {isa = PBXFileReference; fileEncoding = 4; lastKnownFileType = sourcecode.c.objc; path = RREEncodingReader.m; sourceTree = "<group>"; };
		0259AD100C9093BD005285B7 /* RawEncodingReader.h */ = {isa = PBXFileReference; fileEncoding = 4; lastKnownFileType = sourcecode.c.h; path = RawEncodingReader.h; sourceTree = "<group>"; };
		0259AD110C9093BD005285B7 /* RawEncodingReader.m */ = {isa = PBXFileReference; fileEncoding = 4; lastKnownFileType = sourcecode.c.objc; path = RawEncodingReader.m; sourceTree = "<group>"; };
		0259AD120C9093BD005285B7 /* RectangleList.h */ = {isa = PBXFileReference; fileEncoding = 4; lastKnownFileType = sourcecode.c.h; path = RectangleList.h; sourceTree = "<group>"; };
		0259AD130C9093BD005285B7 /* RectangleList.m */ = {isa = PBXFileReference; fileEncoding = 4; lastKnownFileType = sourcecode.c.objc; path = RectangleList.m; sourceTree = "<group>"; };
		0259AD140C9093BD005285B7 /* ServerBase.h */ = {isa = PBXFileReference; fileEncoding = 4; lastKnownFileType = sourcecode.c.h; path = ServerBase.h; sourceTree = "<group>"; };
		0259AD150C9093BD005285B7 /* ServerBase.m */ = {isa = PBXFileReference; fileEncoding = 4; lastKnownFileType = sourcecode.c.objc; path = ServerBase.m; sourceTree = "<group>"; };
		0259AD160C9093BD005285B7 /* ServerCutTextReader.h */ = {isa = PBXFileReference; fileEncoding = 4; lastKnownFileType = sourcecode.c.h; path = ServerCutTextReader.h; sourceTree = "<group>"; };
		0259AD170C9093BD005285B7 /* ServerCutTextReader.m */ = {isa = PBXFileReference; fileEncoding = 4; lastKnownFileType = sourcecode.c.objc; path = ServerCutTextReader.m; sourceTree = "<group>"; };
		0259AD1E0C9093BD005285B7 /* ServerFromPrefs.h */ = {isa = PBXFileReference; fileEncoding = 4; lastKnownFileType = sourcecode.c.h; path = ServerFromPrefs.h; sourceTree = "<group>"; };
		0259AD1F0C9093BD005285B7 /* ServerFromPrefs.m */ = {isa = PBXFileReference; fileEncoding = 4; lastKnownFileType = sourcecode.c.objc; path = ServerFromPrefs.m; sourceTree = "<group>"; };
		0259AD220C9093BD005285B7 /* ServerStandAlone.h */ = {isa = PBXFileReference; fileEncoding = 4; lastKnownFileType = sourcecode.c.h; path = ServerStandAlone.h; sourceTree = "<group>"; };
		0259AD230C9093BD005285B7 /* ServerStandAlone.m */ = {isa = PBXFileReference; fileEncoding = 4; lastKnownFileType = sourcecode.c.objc; path = ServerStandAlone.m; sourceTree = "<group>"; };
		0259AD240C9093BD005285B7 /* SetColorMapEntriesReader.h */ = {isa = PBXFileReference; fileEncoding = 4; lastKnownFileType = sourcecode.c.h; path = SetColorMapEntriesReader.h; sourceTree = "<group>"; };
		0259AD250C9093BD005285B7 /* SetColorMapEntriesReader.m */ = {isa = PBXFileReference; fileEncoding = 4; lastKnownFileType = sourcecode.c.objc; path = SetColorMapEntriesReader.m; sourceTree = "<group>"; };
		0259AD260C9093BD005285B7 /* TightEncodingReader.h */ = {isa = PBXFileReference; fileEncoding = 4; lastKnownFileType = sourcecode.c.h; path = TightEncodingReader.h; sourceTree = "<group>"; };
		0259AD270C9093BD005285B7 /* TightEncodingReader.m */ = {isa = PBXFileReference; fileEncoding = 4; lastKnownFileType = sourcecode.c.objc; path = TightEncodingReader.m; sourceTree = "<group>"; };
		0259AD280C9093BD005285B7 /* TrueColorFrameBuffer.h */ = {isa = PBXFileReference; fileEncoding = 4; lastKnownFileType = sourcecode.c.h; path = TrueColorFrameBuffer.h; sourceTree = "<group>"; };
		0259AD290C9093BD005285B7 /* TrueColorFrameBuffer.m */ = {isa = PBXFileReference; fileEncoding = 4; lastKnownFileType = sourcecode.c.objc; path = TrueColorFrameBuffer.m; sourceTree = "<group>"; };
		0259AD2D0C9093BD005285B7 /* ZRLEEncodingReader.h */ = {isa = PBXFileReference; fileEncoding = 4; lastKnownFileType = sourcecode.c.h; path = ZRLEEncodingReader.h; sourceTree = "<group>"; };
		0259AD2E0C9093BD005285B7 /* ZRLEEncodingReader.m */ = {isa = PBXFileReference; fileEncoding = 4; lastKnownFileType = sourcecode.c.objc; path = ZRLEEncodingReader.m; sourceTree = "<group>"; };
		0259AD2F0C9093BD005285B7 /* ZipLengthReader.h */ = {isa = PBXFileReference; fileEncoding = 4; lastKnownFileType = sourcecode.c.h; path = ZipLengthReader.h; sourceTree = "<group>"; };
		0259AD300C9093BD005285B7 /* ZipLengthReader.m */ = {isa = PBXFileReference; fileEncoding = 4; lastKnownFileType = sourcecode.c.objc; path = ZipLengthReader.m; sourceTree = "<group>"; };
		0259AD310C9093BD005285B7 /* ZlibEncodingReader.h */ = {isa = PBXFileReference; fileEncoding = 4; lastKnownFileType = sourcecode.c.h; path = ZlibEncodingReader.h; sourceTree = "<group>"; };
		0259AD320C9093BD005285B7 /* ZlibEncodingReader.m */ = {isa = PBXFileReference; fileEncoding = 4; lastKnownFileType = sourcecode.c.objc; path = ZlibEncodingReader.m; sourceTree = "<group>"; };
		0259AD330C9093BD005285B7 /* ZlibHexEncodingReader.h */ = {isa = PBXFileReference; fileEncoding = 4; lastKnownFileType = sourcecode.c.h; path = ZlibHexEncodingReader.h; sourceTree = "<group>"; };
		0259AD340C9093BD005285B7 /* ZlibHexEncodingReader.m */ = {isa = PBXFileReference; fileEncoding = 4; lastKnownFileType = sourcecode.c.objc; path = ZlibHexEncodingReader.m; sourceTree = "<group>"; };
		0259AD350C9093BD005285B7 /* d3des.c */ = {isa = PBXFileReference; fileEncoding = 4; lastKnownFileType = sourcecode.c.c; path = d3des.c; sourceTree = "<group>"; };
		0259AD360C9093BD005285B7 /* d3des.h */ = {isa = PBXFileReference; fileEncoding = 4; lastKnownFileType = sourcecode.c.h; path = d3des.h; sourceTree = "<group>"; };
		0259AD370C9093BD005285B7 /* debug.h */ = {isa = PBXFileReference; fileEncoding = 4; lastKnownFileType = sourcecode.c.h; path = debug.h; sourceTree = "<group>"; };
		0259AD380C9093BD005285B7 /* debug.m */ = {isa = PBXFileReference; fileEncoding = 4; lastKnownFileType = sourcecode.c.objc; path = debug.m; sourceTree = "<group>"; };
		0259AD390C9093BD005285B7 /* rfbproto.h */ = {isa = PBXFileReference; fileEncoding = 4; lastKnownFileType = sourcecode.c.h; path = rfbproto.h; sourceTree = "<group>"; };
		0259AD3A0C9093BD005285B7 /* vncauth.c */ = {isa = PBXFileReference; fileEncoding = 4; lastKnownFileType = sourcecode.c.c; path = vncauth.c; sourceTree = "<group>"; };
		0259AD3B0C9093BD005285B7 /* vncauth.h */ = {isa = PBXFileReference; fileEncoding = 4; lastKnownFileType = sourcecode.c.h; path = vncauth.h; sourceTree = "<group>"; };
		0259AD590C90AEED005285B7 /* VNCServerInfoView.h */ = {isa = PBXFileReference; fileEncoding = 4; lastKnownFileType = sourcecode.c.h; path = VNCServerInfoView.h; sourceTree = "<group>"; };
		0259AD5A0C90AEED005285B7 /* VNCServerInfoView.m */ = {isa = PBXFileReference; fileEncoding = 4; lastKnownFileType = sourcecode.c.objc; path = VNCServerInfoView.m; sourceTree = "<group>"; };
		0259B2660C931875005285B7 /* RFBViewProtocol.h */ = {isa = PBXFileReference; fileEncoding = 4; lastKnownFileType = sourcecode.c.h; path = RFBViewProtocol.h; sourceTree = "<group>"; };
		0259BAC40C94BCF7005285B7 /* VNCServerListView.h */ = {isa = PBXFileReference; fileEncoding = 4; lastKnownFileType = sourcecode.c.h; path = VNCServerListView.h; sourceTree = "<group>"; };
		0259BAC50C94BCF7005285B7 /* VNCServerListView.m */ = {isa = PBXFileReference; fileEncoding = 4; lastKnownFileType = sourcecode.c.objc; path = VNCServerListView.m; sourceTree = "<group>"; };
		0259BE670C98D303005285B7 /* VNsea.app */ = {isa = PBXFileReference; lastKnownFileType = wrapper.application; path = VNsea.app; sourceTree = "<group>"; };
		0259BE780C9B5E65005285B7 /* Shimmer.h */ = {isa = PBXFileReference; fileEncoding = 4; lastKnownFileType = sourcecode.c.h; path = Shimmer.h; sourceTree = "<group>"; };
		0259BE790C9B5E65005285B7 /* Shimmer.m */ = {isa = PBXFileReference; fileEncoding = 4; lastKnownFileType = sourcecode.c.objc; path = Shimmer.m; sourceTree = "<group>"; };
		0259C1D80C9CBE70005285B7 /* VNCPopupView.h */ = {isa = PBXFileReference; fileEncoding = 4; lastKnownFileType = sourcecode.c.h; path = VNCPopupView.h; sourceTree = "<group>"; };
		0259C1D90C9CBE70005285B7 /* VNCPopupView.m */ = {isa = PBXFileReference; fileEncoding = 4; lastKnownFileType = sourcecode.c.objc; path = VNCPopupView.m; sourceTree = "<group>"; };
		02F5393B0C8CDCEF00C99AC1 /* mainapp.m */ = {isa = PBXFileReference; fileEncoding = 4; lastKnownFileType = sourcecode.c.objc; path = mainapp.m; sourceTree = "<group>"; };
		02F5393C0C8CDCEF00C99AC1 /* Makefile */ = {isa = PBXFileReference; fileEncoding = 4; lastKnownFileType = sourcecode.make; path = Makefile; sourceTree = "<group>"; };
		02F5393F0C8CEFFC00C99AC1 /* include */ = {isa = PBXFileReference; lastKnownFileType = folder; name = include; path = "/usr/local/arm-apple-darwin/include"; sourceTree = "<absolute>"; };
		8ED2B7250CDD5DF900F0C19E /* VNCPrefsView.h */ = {isa = PBXFileReference; fileEncoding = 30; lastKnownFileType = sourcecode.c.h; path = VNCPrefsView.h; sourceTree = "<group>"; };
		8ED2B7260CDD5DF900F0C19E /* VNCPrefsView.m */ = {isa = PBXFileReference; fileEncoding = 30; lastKnownFileType = sourcecode.c.objc; path = VNCPrefsView.m; sourceTree = "<group>"; };
		8ED342580CD6C9CF004B17CE /* VNCContentView.h */ = {isa = PBXFileReference; fileEncoding = 30; lastKnownFileType = sourcecode.c.h; path = VNCContentView.h; sourceTree = "<group>"; };
		8ED342590CD6C9CF004B17CE /* VNCContentView.m */ = {isa = PBXFileReference; fileEncoding = 30; lastKnownFileType = sourcecode.c.objc; path = VNCContentView.m; sourceTree = "<group>"; };
		8ED343F40CD77F6D004B17CE /* VNCPopupWindow.h */ = {isa = PBXFileReference; fileEncoding = 30; lastKnownFileType = sourcecode.c.h; path = VNCPopupWindow.h; sourceTree = "<group>"; };
		8ED343F50CD77F6D004B17CE /* VNCPopupWindow.m */ = {isa = PBXFileReference; fileEncoding = 30; lastKnownFileType = sourcecode.c.objc; path = VNCPopupWindow.m; sourceTree = "<group>"; };
		8ED89E910CE010C7004CD035 /* VNCMouseTracks.h */ = {isa = PBXFileReference; fileEncoding = 30; lastKnownFileType = sourcecode.c.h; path = VNCMouseTracks.h; sourceTree = "<group>"; };
		8ED89E920CE010C7004CD035 /* VNCMouseTracks.m */ = {isa = PBXFileReference; fileEncoding = 30; lastKnownFileType = sourcecode.c.objc; path = VNCMouseTracks.m; sourceTree = "<group>"; };
/* End PBXFileReference section */

/* Begin PBXGroup section */
		0259ACAF0C9093BD005285B7 /* cotvnc */ = {
			isa = PBXGroup;
			children = (
				0259AD500C909C83005285B7 /* Encoding Readers */,
				0259AD550C909DEA005285B7 /* Filter Readers */,
				0259AD520C909CE2005285B7 /* Frame Buffers */,
				0259AD560C909E1E005285B7 /* Misc */,
				0259AD4A0C909B5F005285B7 /* Preferences */,
				0259AD4D0C909BC7005285B7 /* Profiles */,
				0259AD540C909D8B005285B7 /* Protocol */,
				0259AD510C909CBB005285B7 /* Readers */,
				0259AD4E0C909C0A005285B7 /* Server Management */,
			);
			path = cotvnc;
			sourceTree = "<group>";
		};
		0259AD4A0C909B5F005285B7 /* Preferences */ = {
			isa = PBXGroup;
			children = (
				0259ACF20C9093BD005285B7 /* PrefController.h */,
				0259ACF30C9093BD005285B7 /* PrefController.m */,
				0259ACF40C9093BD005285B7 /* PrefController_private.h */,
				0259ACF50C9093BD005285B7 /* PrefController_private.m */,
			);
			name = Preferences;
			sourceTree = "<group>";
		};
		0259AD4D0C909BC7005285B7 /* Profiles */ = {
			isa = PBXGroup;
			children = (
				0259ACF60C9093BD005285B7 /* Profile.h */,
				0259ACF70C9093BD005285B7 /* Profile.m */,
			);
			name = Profiles;
			sourceTree = "<group>";
		};
		0259AD4E0C909C0A005285B7 /* Server Management */ = {
			isa = PBXGroup;
			children = (
				0259ACD70C9093BD005285B7 /* IServerData.h */,
				0259AD140C9093BD005285B7 /* ServerBase.h */,
				0259AD150C9093BD005285B7 /* ServerBase.m */,
				0259AD1E0C9093BD005285B7 /* ServerFromPrefs.h */,
				0259AD1F0C9093BD005285B7 /* ServerFromPrefs.m */,
				0259AD220C9093BD005285B7 /* ServerStandAlone.h */,
				0259AD230C9093BD005285B7 /* ServerStandAlone.m */,
			);
			name = "Server Management";
			sourceTree = "<group>";
		};
		0259AD500C909C83005285B7 /* Encoding Readers */ = {
			isa = PBXGroup;
			children = (
				0259ACBC0C9093BD005285B7 /* CoRREEncodingReader.h */,
				0259ACBD0C9093BD005285B7 /* CoRREEncodingReader.m */,
				0259ACC00C9093BD005285B7 /* CopyRectangleEncodingReader.h */,
				0259ACC10C9093BD005285B7 /* CopyRectangleEncodingReader.m */,
				0259ACC20C9093BD005285B7 /* EncodingReader.h */,
				0259ACC30C9093BD005285B7 /* EncodingReader.m */,
				0259ACD30C9093BD005285B7 /* HextileEncodingReader.h */,
				0259ACD40C9093BD005285B7 /* HextileEncodingReader.m */,
				0259AD100C9093BD005285B7 /* RawEncodingReader.h */,
				0259AD110C9093BD005285B7 /* RawEncodingReader.m */,
				0259AD0E0C9093BD005285B7 /* RREEncodingReader.h */,
				0259AD0F0C9093BD005285B7 /* RREEncodingReader.m */,
				0259AD260C9093BD005285B7 /* TightEncodingReader.h */,
				0259AD270C9093BD005285B7 /* TightEncodingReader.m */,
				0259AD2D0C9093BD005285B7 /* ZRLEEncodingReader.h */,
				0259AD2E0C9093BD005285B7 /* ZRLEEncodingReader.m */,
				0259AD310C9093BD005285B7 /* ZlibEncodingReader.h */,
				0259AD320C9093BD005285B7 /* ZlibEncodingReader.m */,
				0259AD330C9093BD005285B7 /* ZlibHexEncodingReader.h */,
				0259AD340C9093BD005285B7 /* ZlibHexEncodingReader.m */,
			);
			name = "Encoding Readers";
			sourceTree = "<group>";
		};
		0259AD510C909CBB005285B7 /* Readers */ = {
			isa = PBXGroup;
			children = (
				0259ACB20C9093BD005285B7 /* ByteBlockReader.h */,
				0259ACB30C9093BD005285B7 /* ByteBlockReader.m */,
				0259ACB40C9093BD005285B7 /* ByteReader.h */,
				0259ACB50C9093BD005285B7 /* ByteReader.m */,
				0259ACB60C9093BD005285B7 /* CARD16Reader.h */,
				0259ACB70C9093BD005285B7 /* CARD16Reader.m */,
				0259ACB80C9093BD005285B7 /* CARD32Reader.h */,
				0259ACB90C9093BD005285B7 /* CARD32Reader.m */,
				0259ACBA0C9093BD005285B7 /* CARD8Reader.h */,
				0259ACBB0C9093BD005285B7 /* CARD8Reader.m */,
				0259ACCB0C9093BD005285B7 /* FrameBufferUpdateReader.h */,
				0259ACCC0C9093BD005285B7 /* FrameBufferUpdateReader.m */,
				0259ACEC0C9093BD005285B7 /* NLTStringReader.h */,
				0259ACED0C9093BD005285B7 /* NLTStringReader.m */,
				0259AD080C9093BD005285B7 /* RFBServerInitReader.h */,
				0259AD090C9093BD005285B7 /* RFBServerInitReader.m */,
				0259AD0A0C9093BD005285B7 /* RFBStringReader.h */,
				0259AD0B0C9093BD005285B7 /* RFBStringReader.m */,
				0259AD160C9093BD005285B7 /* ServerCutTextReader.h */,
				0259AD170C9093BD005285B7 /* ServerCutTextReader.m */,
				0259AD240C9093BD005285B7 /* SetColorMapEntriesReader.h */,
				0259AD250C9093BD005285B7 /* SetColorMapEntriesReader.m */,
				0259AD2F0C9093BD005285B7 /* ZipLengthReader.h */,
				0259AD300C9093BD005285B7 /* ZipLengthReader.m */,
			);
			name = Readers;
			sourceTree = "<group>";
		};
		0259AD520C909CE2005285B7 /* Frame Buffers */ = {
			isa = PBXGroup;
			children = (
				0259ACC80C9093BD005285B7 /* FrameBuffer.h */,
				0259ACC90C9093BD005285B7 /* FrameBuffer.m */,
				0259ACCA0C9093BD005285B7 /* FrameBufferDrawing.h */,
				0259ACD10C9093BD005285B7 /* GrayScaleFrameBuffer.h */,
				0259ACD20C9093BD005285B7 /* GrayScaleFrameBuffer.m */,
				0259ACD50C9093BD005285B7 /* HighColorFrameBuffer.h */,
				0259ACD60C9093BD005285B7 /* HighColorFrameBuffer.m */,
				0259ACE80C9093BD005285B7 /* LowColorFrameBuffer.h */,
				0259ACE90C9093BD005285B7 /* LowColorFrameBuffer.m */,
				0259AD280C9093BD005285B7 /* TrueColorFrameBuffer.h */,
				0259AD290C9093BD005285B7 /* TrueColorFrameBuffer.m */,
			);
			name = "Frame Buffers";
			sourceTree = "<group>";
		};
		0259AD540C909D8B005285B7 /* Protocol */ = {
			isa = PBXGroup;
			children = (
				0259ACC40C9093BD005285B7 /* EventFilter.h */,
				0259ACC50C9093BD005285B7 /* EventFilter.m */,
				0259ACFE0C9093BD005285B7 /* QueuedEvent.h */,
				0259ACFF0C9093BD005285B7 /* QueuedEvent.m */,
				0259AD000C9093BD005285B7 /* RFBConnection.h */,
				0259AD010C9093BD005285B7 /* RFBConnection.m */,
				0259AD040C9093BD005285B7 /* RFBHandshaker.h */,
				0259AD050C9093BD005285B7 /* RFBHandshaker.m */,
				0259AD390C9093BD005285B7 /* rfbproto.h */,
				0259AD060C9093BD005285B7 /* RFBProtocol.h */,
				0259AD070C9093BD005285B7 /* RFBProtocol.m */,
				0259AD3A0C9093BD005285B7 /* vncauth.c */,
				0259AD3B0C9093BD005285B7 /* vncauth.h */,
			);
			name = Protocol;
			sourceTree = "<group>";
		};
		0259AD550C909DEA005285B7 /* Filter Readers */ = {
			isa = PBXGroup;
			children = (
				0259ACC60C9093BD005285B7 /* FilterReader.h */,
				0259ACC70C9093BD005285B7 /* FilterReader.m */,
				0259ACBE0C9093BD005285B7 /* CopyFilter.h */,
				0259ACBF0C9093BD005285B7 /* CopyFilter.m */,
				0259ACCF0C9093BD005285B7 /* GradientFilter.h */,
				0259ACD00C9093BD005285B7 /* GradientFilter.m */,
				0259ACF00C9093BD005285B7 /* PaletteFilter.h */,
				0259ACF10C9093BD005285B7 /* PaletteFilter.m */,
			);
			name = "Filter Readers";
			sourceTree = "<group>";
		};
		0259AD560C909E1E005285B7 /* Misc */ = {
			isa = PBXGroup;
			children = (
				0259ACD80C9093BD005285B7 /* KeyChain.h */,
				0259ACD90C9093BD005285B7 /* KeyChain.m */,
				0259ACEE0C9093BD005285B7 /* NSObject_Chicken.h */,
				0259ACEF0C9093BD005285B7 /* NSObject_Chicken.m */,
				0259AD120C9093BD005285B7 /* RectangleList.h */,
				0259AD130C9093BD005285B7 /* RectangleList.m */,
				0259AD350C9093BD005285B7 /* d3des.c */,
				0259AD360C9093BD005285B7 /* d3des.h */,
				0259AD370C9093BD005285B7 /* debug.h */,
				0259AD380C9093BD005285B7 /* debug.m */,
			);
			name = Misc;
			sourceTree = "<group>";
		};
		0259BE770C9B5267005285B7 /* resources */ = {
			isa = PBXGroup;
			children = (
				02F5393C0C8CDCEF00C99AC1 /* Makefile */,
				0259BE670C98D303005285B7 /* VNsea.app */,
				02113A0D0CCEE8D30059CA0E /* todo.txt */,
			);
			name = resources;
			sourceTree = "<group>";
		};
		02F53B4C0C8CF00200C99AC1 /* vnsea */ = {
			isa = PBXGroup;
			children = (
				02F5393B0C8CDCEF00C99AC1 /* mainapp.m */,
				0259B2660C931875005285B7 /* RFBViewProtocol.h */,
				0259BE780C9B5E65005285B7 /* Shimmer.h */,
				0259BE790C9B5E65005285B7 /* Shimmer.m */,
				8ED342580CD6C9CF004B17CE /* VNCContentView.h */,
				8ED342590CD6C9CF004B17CE /* VNCContentView.m */,
				8ED89E910CE010C7004CD035 /* VNCMouseTracks.h */,
				8ED89E920CE010C7004CD035 /* VNCMouseTracks.m */,
				0259C1D80C9CBE70005285B7 /* VNCPopupView.h */,
				0259C1D90C9CBE70005285B7 /* VNCPopupView.m */,
				8ED343F40CD77F6D004B17CE /* VNCPopupWindow.h */,
				8ED343F50CD77F6D004B17CE /* VNCPopupWindow.m */,
				8ED2B7250CDD5DF900F0C19E /* VNCPrefsView.h */,
				8ED2B7260CDD5DF900F0C19E /* VNCPrefsView.m */,
				021133D10CC51DF00059CA0E /* VNCScrollerView.h */,
				021133D20CC51DF00059CA0E /* VNCScrollerView.m */,
				0259AD590C90AEED005285B7 /* VNCServerInfoView.h */,
				0259AD5A0C90AEED005285B7 /* VNCServerInfoView.m */,
				0259BAC40C94BCF7005285B7 /* VNCServerListView.h */,
				0259BAC50C94BCF7005285B7 /* VNCServerListView.m */,
				0259AC170C909383005285B7 /* VNCView.h */,
				0259AC180C909383005285B7 /* VNCView.m */,
				0259AC150C909383005285B7 /* VnseaApp.h */,
				0259AC160C909383005285B7 /* VnseaApp.m */,
			);
			name = vnsea;
			sourceTree = "<group>";
		};
		08FB7794FE84155DC02AAC07 /* scribble */ = {
			isa = PBXGroup;
			children = (
				0259BE770C9B5267005285B7 /* resources */,
				02F53B4C0C8CF00200C99AC1 /* vnsea */,
				0259ACAF0C9093BD005285B7 /* cotvnc */,
				02F5393F0C8CEFFC00C99AC1 /* include */,
			);
			name = scribble;
			sourceTree = "<group>";
		};
/* End PBXGroup section */

/* Begin PBXLegacyTarget section */
		D28A88AD04BDD90700651E21 /* vnsea */ = {
			isa = PBXLegacyTarget;
			buildArgumentsString = "$(ACTION)";
			buildConfigurationList = 1DEB918F08733D9F0010E9CD /* Build configuration list for PBXLegacyTarget "vnsea" */;
			buildPhases = (
			);
			buildToolPath = /usr/bin/make;
			dependencies = (
			);
			name = vnsea;
			passBuildSettingsInEnvironment = 1;
			productName = scribble;
		};
/* End PBXLegacyTarget section */

/* Begin PBXProject section */
		08FB7793FE84155DC02AAC07 /* Project object */ = {
			isa = PBXProject;
			buildConfigurationList = 1DEB919308733D9F0010E9CD /* Build configuration list for PBXProject "vnsea" */;
			compatibilityVersion = "Xcode 2.4";
			hasScannedForEncodings = 1;
			mainGroup = 08FB7794FE84155DC02AAC07 /* scribble */;
			projectDirPath = "";
			projectRoot = "";
			targets = (
				D28A88AD04BDD90700651E21 /* vnsea */,
			);
		};
/* End PBXProject section */

/* Begin XCBuildConfiguration section */
		1DEB919008733D9F0010E9CD /* Debug */ = {
			isa = XCBuildConfiguration;
			buildSettings = {
				COPY_PHASE_STRIP = NO;
				DEBUGGING_SYMBOLS = YES;
				GCC_DYNAMIC_NO_PIC = NO;
				GCC_ENABLE_FIX_AND_CONTINUE = YES;
				GCC_GENERATE_DEBUGGING_SYMBOLS = YES;
				GCC_OPTIMIZATION_LEVEL = 0;
				OPTIMIZATION_CFLAGS = "-O0";
				OTHER_CFLAGS = "";
				OTHER_LDFLAGS = "";
				PRODUCT_NAME = scribble;
				ZERO_LINK = YES;
			};
			name = Debug;
		};
		1DEB919108733D9F0010E9CD /* Release */ = {
			isa = XCBuildConfiguration;
			buildSettings = {
				ARCHS = (
					ppc,
					i386,
				);
				COPY_PHASE_STRIP = YES;
				GCC_ENABLE_FIX_AND_CONTINUE = NO;
				OTHER_CFLAGS = "";
				OTHER_LDFLAGS = "";
				PRODUCT_NAME = scribble;
				ZERO_LINK = NO;
			};
			name = Release;
		};
		1DEB919408733D9F0010E9CD /* Debug */ = {
			isa = XCBuildConfiguration;
			buildSettings = {
				GCC_WARN_ABOUT_RETURN_TYPE = YES;
				GCC_WARN_UNUSED_VARIABLE = YES;
				PREBINDING = NO;
				SDKROOT = /Developer/SDKs/MacOSX10.4u.sdk;
			};
			name = Debug;
		};
		1DEB919508733D9F0010E9CD /* Release */ = {
			isa = XCBuildConfiguration;
			buildSettings = {
				GCC_WARN_ABOUT_RETURN_TYPE = YES;
				GCC_WARN_UNUSED_VARIABLE = YES;
				PREBINDING = NO;
				SDKROOT = /Developer/SDKs/MacOSX10.4u.sdk;
			};
			name = Release;
		};
/* End XCBuildConfiguration section */

/* Begin XCConfigurationList section */
		1DEB918F08733D9F0010E9CD /* Build configuration list for PBXLegacyTarget "vnsea" */ = {
			isa = XCConfigurationList;
			buildConfigurations = (
				1DEB919008733D9F0010E9CD /* Debug */,
				1DEB919108733D9F0010E9CD /* Release */,
			);
			defaultConfigurationIsVisible = 0;
			defaultConfigurationName = Release;
		};
		1DEB919308733D9F0010E9CD /* Build configuration list for PBXProject "vnsea" */ = {
			isa = XCConfigurationList;
			buildConfigurations = (
				1DEB919408733D9F0010E9CD /* Debug */,
				1DEB919508733D9F0010E9CD /* Release */,
			);
			defaultConfigurationIsVisible = 0;
			defaultConfigurationName = Release;
		};
/* End XCConfigurationList section */
	};
	rootObject = 08FB7793FE84155DC02AAC07 /* Project object */;
}
